{
  "name": "bpmn-viewer",
  "version": "1.0.0",
  "lockfileVersion": 3,
  "requires": true,
  "packages": {
    "": {
      "name": "bpmn-viewer",
      "version": "1.0.0",
      "license": "ISC",
      "dependencies": {
        "bpmn-js": "^18.7.0"
      },
      "devDependencies": {
        "esbuild": "^0.25.10"
      }
    },
    "node_modules/@bpmn-io/diagram-js-ui": {
      "version": "0.2.3",
      "resolved": "https://registry.npmjs.org/@bpmn-io/diagram-js-ui/-/diagram-js-ui-0.2.3.tgz",
      "integrity": "sha512-OGyjZKvGK8tHSZ0l7RfeKhilGoOGtFDcoqSGYkX0uhFlo99OVZ9Jn1K7TJGzcE9BdKwvA5Y5kGqHEhdTxHvFfw==",
      "license": "MIT",
      "dependencies": {
        "htm": "^3.1.1",
        "preact": "^10.11.2"
      }
    },
    "node_modules/@esbuild/aix-ppc64": {
      "version": "0.25.10",
      "resolved": "https://registry.npmjs.org/@esbuild/aix-ppc64/-/aix-ppc64-0.25.10.tgz",
      "integrity": "sha512-0NFWnA+7l41irNuaSVlLfgNT12caWJVLzp5eAVhZ0z1qpxbockccEt3s+149rE64VUI3Ml2zt8Nv5JVc4QXTsw==",
      "cpu": [
        "ppc64"
      ],
      "dev": true,
      "license": "MIT",
      "optional": true,
      "os": [
        "aix"
      ],
      "engines": {
        "node": ">=18"
      }
    },
    "node_modules/@esbuild/android-arm": {
      "version": "0.25.10",
      "resolved": "https://registry.npmjs.org/@esbuild/android-arm/-/android-arm-0.25.10.tgz",
      "integrity": "sha512-dQAxF1dW1C3zpeCDc5KqIYuZ1tgAdRXNoZP7vkBIRtKZPYe2xVr/d3SkirklCHudW1B45tGiUlz2pUWDfbDD4w==",
      "cpu": [
        "arm"
      ],
      "dev": true,
      "license": "MIT",
      "optional": true,
      "os": [
        "android"
      ],
      "engines": {
        "node": ">=18"
      }
    },
    "node_modules/@esbuild/android-arm64": {
      "version": "0.25.10",
      "resolved": "https://registry.npmjs.org/@esbuild/android-arm64/-/android-arm64-0.25.10.tgz",
      "integrity": "sha512-LSQa7eDahypv/VO6WKohZGPSJDq5OVOo3UoFR1E4t4Gj1W7zEQMUhI+lo81H+DtB+kP+tDgBp+M4oNCwp6kffg==",
      "cpu": [
        "arm64"
      ],
      "dev": true,
      "license": "MIT",
      "optional": true,
      "os": [
        "android"
      ],
      "engines": {
        "node": ">=18"
      }
    },
    "node_modules/@esbuild/android-x64": {
      "version": "0.25.10",
      "resolved": "https://registry.npmjs.org/@esbuild/android-x64/-/android-x64-0.25.10.tgz",
      "integrity": "sha512-MiC9CWdPrfhibcXwr39p9ha1x0lZJ9KaVfvzA0Wxwz9ETX4v5CHfF09bx935nHlhi+MxhA63dKRRQLiVgSUtEg==",
      "cpu": [
        "x64"
      ],
      "dev": true,
      "license": "MIT",
      "optional": true,
      "os": [
        "android"
      ],
      "engines": {
        "node": ">=18"
      }
    },
    "node_modules/@esbuild/darwin-arm64": {
      "version": "0.25.10",
      "resolved": "https://registry.npmjs.org/@esbuild/darwin-arm64/-/darwin-arm64-0.25.10.tgz",
      "integrity": "sha512-JC74bdXcQEpW9KkV326WpZZjLguSZ3DfS8wrrvPMHgQOIEIG/sPXEN/V8IssoJhbefLRcRqw6RQH2NnpdprtMA==",
      "cpu": [
        "arm64"
      ],
      "dev": true,
      "license": "MIT",
      "optional": true,
      "os": [
        "darwin"
      ],
      "engines": {
        "node": ">=18"
      }
    },
    "node_modules/@esbuild/darwin-x64": {
      "version": "0.25.10",
      "resolved": "https://registry.npmjs.org/@esbuild/darwin-x64/-/darwin-x64-0.25.10.tgz",
      "integrity": "sha512-tguWg1olF6DGqzws97pKZ8G2L7Ig1vjDmGTwcTuYHbuU6TTjJe5FXbgs5C1BBzHbJ2bo1m3WkQDbWO2PvamRcg==",
      "cpu": [
        "x64"
      ],
      "dev": true,
      "license": "MIT",
      "optional": true,
      "os": [
        "darwin"
      ],
      "engines": {
        "node": ">=18"
      }
    },
    "node_modules/@esbuild/freebsd-arm64": {
      "version": "0.25.10",
      "resolved": "https://registry.npmjs.org/@esbuild/freebsd-arm64/-/freebsd-arm64-0.25.10.tgz",
      "integrity": "sha512-3ZioSQSg1HT2N05YxeJWYR+Libe3bREVSdWhEEgExWaDtyFbbXWb49QgPvFH8u03vUPX10JhJPcz7s9t9+boWg==",
      "cpu": [
        "arm64"
      ],
      "dev": true,
      "license": "MIT",
      "optional": true,
      "os": [
        "freebsd"
      ],
      "engines": {
        "node": ">=18"
      }
    },
    "node_modules/@esbuild/freebsd-x64": {
      "version": "0.25.10",
      "resolved": "https://registry.npmjs.org/@esbuild/freebsd-x64/-/freebsd-x64-0.25.10.tgz",
      "integrity": "sha512-LLgJfHJk014Aa4anGDbh8bmI5Lk+QidDmGzuC2D+vP7mv/GeSN+H39zOf7pN5N8p059FcOfs2bVlrRr4SK9WxA==",
      "cpu": [
        "x64"
      ],
      "dev": true,
      "license": "MIT",
      "optional": true,
      "os": [
        "freebsd"
      ],
      "engines": {
        "node": ">=18"
      }
    },
    "node_modules/@esbuild/linux-arm": {
      "version": "0.25.10",
      "resolved": "https://registry.npmjs.org/@esbuild/linux-arm/-/linux-arm-0.25.10.tgz",
      "integrity": "sha512-oR31GtBTFYCqEBALI9r6WxoU/ZofZl962pouZRTEYECvNF/dtXKku8YXcJkhgK/beU+zedXfIzHijSRapJY3vg==",
      "cpu": [
        "arm"
      ],
      "dev": true,
      "license": "MIT",
      "optional": true,
      "os": [
        "linux"
      ],
      "engines": {
        "node": ">=18"
      }
    },
    "node_modules/@esbuild/linux-arm64": {
      "version": "0.25.10",
      "resolved": "https://registry.npmjs.org/@esbuild/linux-arm64/-/linux-arm64-0.25.10.tgz",
      "integrity": "sha512-5luJWN6YKBsawd5f9i4+c+geYiVEw20FVW5x0v1kEMWNq8UctFjDiMATBxLvmmHA4bf7F6hTRaJgtghFr9iziQ==",
      "cpu": [
        "arm64"
      ],
      "dev": true,
      "license": "MIT",
      "optional": true,
      "os": [
        "linux"
      ],
      "engines": {
        "node": ">=18"
      }
    },
    "node_modules/@esbuild/linux-ia32": {
      "version": "0.25.10",
      "resolved": "https://registry.npmjs.org/@esbuild/linux-ia32/-/linux-ia32-0.25.10.tgz",
      "integrity": "sha512-NrSCx2Kim3EnnWgS4Txn0QGt0Xipoumb6z6sUtl5bOEZIVKhzfyp/Lyw4C1DIYvzeW/5mWYPBFJU3a/8Yr75DQ==",
      "cpu": [
        "ia32"
      ],
      "dev": true,
      "license": "MIT",
      "optional": true,
      "os": [
        "linux"
      ],
      "engines": {
        "node": ">=18"
      }
    },
    "node_modules/@esbuild/linux-loong64": {
      "version": "0.25.10",
      "resolved": "https://registry.npmjs.org/@esbuild/linux-loong64/-/linux-loong64-0.25.10.tgz",
      "integrity": "sha512-xoSphrd4AZda8+rUDDfD9J6FUMjrkTz8itpTITM4/xgerAZZcFW7Dv+sun7333IfKxGG8gAq+3NbfEMJfiY+Eg==",
      "cpu": [
        "loong64"
      ],
      "dev": true,
      "license": "MIT",
      "optional": true,
      "os": [
        "linux"
      ],
      "engines": {
        "node": ">=18"
      }
    },
    "node_modules/@esbuild/linux-mips64el": {
      "version": "0.25.10",
      "resolved": "https://registry.npmjs.org/@esbuild/linux-mips64el/-/linux-mips64el-0.25.10.tgz",
      "integrity": "sha512-ab6eiuCwoMmYDyTnyptoKkVS3k8fy/1Uvq7Dj5czXI6DF2GqD2ToInBI0SHOp5/X1BdZ26RKc5+qjQNGRBelRA==",
      "cpu": [
        "mips64el"
      ],
      "dev": true,
      "license": "MIT",
      "optional": true,
      "os": [
        "linux"
      ],
      "engines": {
        "node": ">=18"
      }
    },
    "node_modules/@esbuild/linux-ppc64": {
      "version": "0.25.10",
      "resolved": "https://registry.npmjs.org/@esbuild/linux-ppc64/-/linux-ppc64-0.25.10.tgz",
      "integrity": "sha512-NLinzzOgZQsGpsTkEbdJTCanwA5/wozN9dSgEl12haXJBzMTpssebuXR42bthOF3z7zXFWH1AmvWunUCkBE4EA==",
      "cpu": [
        "ppc64"
      ],
      "dev": true,
      "license": "MIT",
      "optional": true,
      "os": [
        "linux"
      ],
      "engines": {
        "node": ">=18"
      }
    },
    "node_modules/@esbuild/linux-riscv64": {
      "version": "0.25.10",
      "resolved": "https://registry.npmjs.org/@esbuild/linux-riscv64/-/linux-riscv64-0.25.10.tgz",
      "integrity": "sha512-FE557XdZDrtX8NMIeA8LBJX3dC2M8VGXwfrQWU7LB5SLOajfJIxmSdyL/gU1m64Zs9CBKvm4UAuBp5aJ8OgnrA==",
      "cpu": [
        "riscv64"
      ],
      "dev": true,
      "license": "MIT",
      "optional": true,
      "os": [
        "linux"
      ],
      "engines": {
        "node": ">=18"
      }
    },
    "node_modules/@esbuild/linux-s390x": {
      "version": "0.25.10",
      "resolved": "https://registry.npmjs.org/@esbuild/linux-s390x/-/linux-s390x-0.25.10.tgz",
      "integrity": "sha512-3BBSbgzuB9ajLoVZk0mGu+EHlBwkusRmeNYdqmznmMc9zGASFjSsxgkNsqmXugpPk00gJ0JNKh/97nxmjctdew==",
      "cpu": [
        "s390x"
      ],
      "dev": true,
      "license": "MIT",
      "optional": true,
      "os": [
        "linux"
      ],
      "engines": {
        "node": ">=18"
      }
    },
    "node_modules/@esbuild/linux-x64": {
      "version": "0.25.10",
      "resolved": "https://registry.npmjs.org/@esbuild/linux-x64/-/linux-x64-0.25.10.tgz",
      "integrity": "sha512-QSX81KhFoZGwenVyPoberggdW1nrQZSvfVDAIUXr3WqLRZGZqWk/P4T8p2SP+de2Sr5HPcvjhcJzEiulKgnxtA==",
      "cpu": [
        "x64"
      ],
      "dev": true,
      "license": "MIT",
      "optional": true,
      "os": [
        "linux"
      ],
      "engines": {
        "node": ">=18"
      }
    },
    "node_modules/@esbuild/netbsd-arm64": {
      "version": "0.25.10",
      "resolved": "https://registry.npmjs.org/@esbuild/netbsd-arm64/-/netbsd-arm64-0.25.10.tgz",
      "integrity": "sha512-AKQM3gfYfSW8XRk8DdMCzaLUFB15dTrZfnX8WXQoOUpUBQ+NaAFCP1kPS/ykbbGYz7rxn0WS48/81l9hFl3u4A==",
      "cpu": [
        "arm64"
      ],
      "dev": true,
      "license": "MIT",
      "optional": true,
      "os": [
        "netbsd"
      ],
      "engines": {
        "node": ">=18"
      }
    },
    "node_modules/@esbuild/netbsd-x64": {
      "version": "0.25.10",
      "resolved": "https://registry.npmjs.org/@esbuild/netbsd-x64/-/netbsd-x64-0.25.10.tgz",
      "integrity": "sha512-7RTytDPGU6fek/hWuN9qQpeGPBZFfB4zZgcz2VK2Z5VpdUxEI8JKYsg3JfO0n/Z1E/6l05n0unDCNc4HnhQGig==",
      "cpu": [
        "x64"
      ],
      "dev": true,
      "license": "MIT",
      "optional": true,
      "os": [
        "netbsd"
      ],
      "engines": {
        "node": ">=18"
      }
    },
    "node_modules/@esbuild/openbsd-arm64": {
      "version": "0.25.10",
      "resolved": "https://registry.npmjs.org/@esbuild/openbsd-arm64/-/openbsd-arm64-0.25.10.tgz",
      "integrity": "sha512-5Se0VM9Wtq797YFn+dLimf2Zx6McttsH2olUBsDml+lm0GOCRVebRWUvDtkY4BWYv/3NgzS8b/UM3jQNh5hYyw==",
      "cpu": [
        "arm64"
      ],
      "dev": true,
      "license": "MIT",
      "optional": true,
      "os": [
        "openbsd"
      ],
      "engines": {
        "node": ">=18"
      }
    },
    "node_modules/@esbuild/openbsd-x64": {
      "version": "0.25.10",
      "resolved": "https://registry.npmjs.org/@esbuild/openbsd-x64/-/openbsd-x64-0.25.10.tgz",
      "integrity": "sha512-XkA4frq1TLj4bEMB+2HnI0+4RnjbuGZfet2gs/LNs5Hc7D89ZQBHQ0gL2ND6Lzu1+QVkjp3x1gIcPKzRNP8bXw==",
      "cpu": [
        "x64"
      ],
      "dev": true,
      "license": "MIT",
      "optional": true,
      "os": [
        "openbsd"
      ],
      "engines": {
        "node": ">=18"
      }
    },
    "node_modules/@esbuild/openharmony-arm64": {
      "version": "0.25.10",
      "resolved": "https://registry.npmjs.org/@esbuild/openharmony-arm64/-/openharmony-arm64-0.25.10.tgz",
      "integrity": "sha512-AVTSBhTX8Y/Fz6OmIVBip9tJzZEUcY8WLh7I59+upa5/GPhh2/aM6bvOMQySspnCCHvFi79kMtdJS1w0DXAeag==",
      "cpu": [
        "arm64"
      ],
      "dev": true,
      "license": "MIT",
      "optional": true,
      "os": [
        "openharmony"
      ],
      "engines": {
        "node": ">=18"
      }
    },
    "node_modules/@esbuild/sunos-x64": {
      "version": "0.25.10",
      "resolved": "https://registry.npmjs.org/@esbuild/sunos-x64/-/sunos-x64-0.25.10.tgz",
      "integrity": "sha512-fswk3XT0Uf2pGJmOpDB7yknqhVkJQkAQOcW/ccVOtfx05LkbWOaRAtn5SaqXypeKQra1QaEa841PgrSL9ubSPQ==",
      "cpu": [
        "x64"
      ],
      "dev": true,
      "license": "MIT",
      "optional": true,
      "os": [
        "sunos"
      ],
      "engines": {
        "node": ">=18"
      }
    },
    "node_modules/@esbuild/win32-arm64": {
      "version": "0.25.10",
      "resolved": "https://registry.npmjs.org/@esbuild/win32-arm64/-/win32-arm64-0.25.10.tgz",
      "integrity": "sha512-ah+9b59KDTSfpaCg6VdJoOQvKjI33nTaQr4UluQwW7aEwZQsbMCfTmfEO4VyewOxx4RaDT/xCy9ra2GPWmO7Kw==",
      "cpu": [
        "arm64"
      ],
      "dev": true,
      "license": "MIT",
      "optional": true,
      "os": [
        "win32"
      ],
      "engines": {
        "node": ">=18"
      }
    },
    "node_modules/@esbuild/win32-ia32": {
      "version": "0.25.10",
      "resolved": "https://registry.npmjs.org/@esbuild/win32-ia32/-/win32-ia32-0.25.10.tgz",
      "integrity": "sha512-QHPDbKkrGO8/cz9LKVnJU22HOi4pxZnZhhA2HYHez5Pz4JeffhDjf85E57Oyco163GnzNCVkZK0b/n4Y0UHcSw==",
      "cpu": [
        "ia32"
      ],
      "dev": true,
      "license": "MIT",
      "optional": true,
      "os": [
        "win32"
      ],
      "engines": {
        "node": ">=18"
      }
    },
    "node_modules/@esbuild/win32-x64": {
      "version": "0.25.10",
      "resolved": "https://registry.npmjs.org/@esbuild/win32-x64/-/win32-x64-0.25.10.tgz",
      "integrity": "sha512-9KpxSVFCu0iK1owoez6aC/s/EdUQLDN3adTxGCqxMVhrPDj6bt5dbrHDXUuq+Bs2vATFBBrQS5vdQ/Ed2P+nbw==",
      "cpu": [
        "x64"
      ],
      "dev": true,
      "license": "MIT",
      "optional": true,
      "os": [
        "win32"
      ],
      "engines": {
        "node": ">=18"
      }
    },
    "node_modules/bpmn-js": {
      "version": "18.7.0",
      "resolved": "https://registry.npmjs.org/bpmn-js/-/bpmn-js-18.7.0.tgz",
      "integrity": "sha512-i4Xkcc5oJajTvsZv6Tmam3Tu4iB1AI4ARq4jGx5KaoJpDl11Qw8O5IurCw3u86Vrhe+a8EmXs1ibs4/oIwlAfg==",
      "license": "SEE LICENSE IN LICENSE",
      "dependencies": {
        "bpmn-moddle": "^9.0.4",
        "diagram-js": "^15.4.0",
        "diagram-js-direct-editing": "^3.2.0",
        "ids": "^1.0.5",
        "inherits-browser": "^0.1.0",
        "min-dash": "^4.1.1",
        "min-dom": "^4.2.1",
        "tiny-svg": "^3.1.2"
      },
      "engines": {
        "node": "*"
      }
    },
    "node_modules/bpmn-moddle": {
      "version": "9.0.4",
      "resolved": "https://registry.npmjs.org/bpmn-moddle/-/bpmn-moddle-9.0.4.tgz",
      "integrity": "sha512-dr5s3vtOG8NkVSwa8CC55XBIKKwajomSZRb0RiMOOOF6TpqZBZvtbDjpzWICvdd/plDF6uOtaRfSgblPQLAioQ==",
      "license": "MIT",
      "dependencies": {
        "min-dash": "^4.2.1",
        "moddle": "^7.0.0",
        "moddle-xml": "^11.0.0"
      },
      "engines": {
        "node": ">= 18"
      }
    },
    "node_modules/clsx": {
      "version": "2.1.1",
      "resolved": "https://registry.npmjs.org/clsx/-/clsx-2.1.1.tgz",
      "integrity": "sha512-eYm0QWBtUrBWZWG0d386OGAw16Z995PiOVo2B7bjWSbHedGl5e0ZWaq65kOGgUSNesEIDkB9ISbTg/JK9dhCZA==",
      "license": "MIT",
      "engines": {
        "node": ">=6"
      }
    },
    "node_modules/component-event": {
      "version": "0.2.1",
      "resolved": "https://registry.npmjs.org/component-event/-/component-event-0.2.1.tgz",
      "integrity": "sha512-wGA++isMqiDq1jPYeyv2as/Bt/u+3iLW0rEa+8NQ82jAv3TgqMiCM+B2SaBdn2DfLilLjjq736YcezihRYhfxw==",
      "license": "MIT"
    },
    "node_modules/diagram-js": {
      "version": "15.4.0",
      "resolved": "https://registry.npmjs.org/diagram-js/-/diagram-js-15.4.0.tgz",
      "integrity": "sha512-rpwDLA/w55wPfiZgp/z2T6cFdCXU3bARGdjhUpEOoh673K18OJ4ruEu3+/94ALRIIyEvJ0XHUk9sgZrzzE79ng==",
      "license": "MIT",
      "dependencies": {
        "@bpmn-io/diagram-js-ui": "^0.2.3",
        "clsx": "^2.1.0",
        "didi": "^10.2.2",
        "inherits-browser": "^0.1.0",
        "min-dash": "^4.1.0",
        "min-dom": "^4.2.1",
        "object-refs": "^0.4.0",
        "path-intersection": "^3.0.0",
        "tiny-svg": "^3.1.2"
      },
      "engines": {
        "node": "*"
      }
    },
    "node_modules/diagram-js-direct-editing": {
      "version": "3.2.0",
      "resolved": "https://registry.npmjs.org/diagram-js-direct-editing/-/diagram-js-direct-editing-3.2.0.tgz",
      "integrity": "sha512-+pyxeQGBSdLiZX0/tmmsm2qZSvm9YtVzod5W3RMHSTR7VrkUMD6E7EX/W9JQv3ebxO7oIdqFmytmNDDpSHnYEw==",
      "license": "MIT",
      "dependencies": {
        "min-dash": "^4.0.0",
        "min-dom": "^4.2.1"
      },
      "engines": {
        "node": "*"
      },
      "peerDependencies": {
        "diagram-js": "*"
      }
    },
    "node_modules/didi": {
      "version": "10.2.2",
      "resolved": "https://registry.npmjs.org/didi/-/didi-10.2.2.tgz",
      "integrity": "sha512-l8NYkYFXV1izHI65EyT8EXOjUZtKmQkHLTT89cSP7HU5J/G7AOj0dXKtLc04EXYlga99PBY18IPjOeZ+c3DI4w==",
      "license": "MIT",
      "engines": {
        "node": ">= 16"
      }
    },
    "node_modules/domify": {
      "version": "1.4.2",
      "resolved": "https://registry.npmjs.org/domify/-/domify-1.4.2.tgz",
      "integrity": "sha512-m4yreHcUWHBncGVV7U+yQzc12vIlq0jMrtHZ5mW6dQMiL/7skSYNVX9wqKwOtyO9SGCgevrAFEgOCAHmamHTUA==",
      "license": "MIT",
      "funding": {
        "url": "https://github.com/sponsors/sindresorhus"
      }
    },
    "node_modules/esbuild": {
      "version": "0.25.10",
      "resolved": "https://registry.npmjs.org/esbuild/-/esbuild-0.25.10.tgz",
      "integrity": "sha512-9RiGKvCwaqxO2owP61uQ4BgNborAQskMR6QusfWzQqv7AZOg5oGehdY2pRJMTKuwxd1IDBP4rSbI5lHzU7SMsQ==",
      "dev": true,
      "hasInstallScript": true,
      "license": "MIT",
      "bin": {
        "esbuild": "bin/esbuild"
      },
      "engines": {
        "node": ">=18"
      },
      "optionalDependencies": {
        "@esbuild/aix-ppc64": "0.25.10",
        "@esbuild/android-arm": "0.25.10",
        "@esbuild/android-arm64": "0.25.10",
        "@esbuild/android-x64": "0.25.10",
        "@esbuild/darwin-arm64": "0.25.10",
        "@esbuild/darwin-x64": "0.25.10",
        "@esbuild/freebsd-arm64": "0.25.10",
        "@esbuild/freebsd-x64": "0.25.10",
        "@esbuild/linux-arm": "0.25.10",
        "@esbuild/linux-arm64": "0.25.10",
        "@esbuild/linux-ia32": "0.25.10",
        "@esbuild/linux-loong64": "0.25.10",
        "@esbuild/linux-mips64el": "0.25.10",
        "@esbuild/linux-ppc64": "0.25.10",
        "@esbuild/linux-riscv64": "0.25.10",
        "@esbuild/linux-s390x": "0.25.10",
        "@esbuild/linux-x64": "0.25.10",
        "@esbuild/netbsd-arm64": "0.25.10",
        "@esbuild/netbsd-x64": "0.25.10",
        "@esbuild/openbsd-arm64": "0.25.10",
        "@esbuild/openbsd-x64": "0.25.10",
        "@esbuild/openharmony-arm64": "0.25.10",
        "@esbuild/sunos-x64": "0.25.10",
        "@esbuild/win32-arm64": "0.25.10",
        "@esbuild/win32-ia32": "0.25.10",
        "@esbuild/win32-x64": "0.25.10"
      }
    },
    "node_modules/htm": {
      "version": "3.1.1",
      "resolved": "https://registry.npmjs.org/htm/-/htm-3.1.1.tgz",
      "integrity": "sha512-983Vyg8NwUE7JkZ6NmOqpCZ+sh1bKv2iYTlUkzlWmA5JD2acKoxd4KVxbMmxX/85mtfdnDmTFoNKcg5DGAvxNQ==",
      "license": "Apache-2.0"
    },
    "node_modules/ids": {
      "version": "1.0.5",
      "resolved": "https://registry.npmjs.org/ids/-/ids-1.0.5.tgz",
      "integrity": "sha512-XQ0yom/4KWTL29sLG+tyuycy7UmeaM/79GRtSJq6IG9cJGIPeBz5kwDCguie3TwxaMNIc3WtPi0cTa1XYHicpw==",
      "license": "MIT"
    },
    "node_modules/inherits-browser": {
      "version": "0.1.0",
      "resolved": "https://registry.npmjs.org/inherits-browser/-/inherits-browser-0.1.0.tgz",
      "integrity": "sha512-CJHHvW3jQ6q7lzsXPpapLdMx5hDpSF3FSh45pwsj6bKxJJ8Nl8v43i5yXnr3BdfOimGHKyniewQtnAIp3vyJJw==",
      "license": "ISC"
    },
    "node_modules/min-dash": {
      "version": "4.2.3",
      "resolved": "https://registry.npmjs.org/min-dash/-/min-dash-4.2.3.tgz",
      "integrity": "sha512-VLMYQI5+FcD9Ad24VcB08uA83B07OhueAlZ88jBK6PyupTvEJwllTMUqMy0wPGYs7pZUEtEEMWdHB63m3LtEcg==",
      "license": "MIT"
    },
    "node_modules/min-dom": {
      "version": "4.2.1",
      "resolved": "https://registry.npmjs.org/min-dom/-/min-dom-4.2.1.tgz",
      "integrity": "sha512-TMoL8SEEIhUWYgkj7XMSgxmwSyGI+4fP2KFFGnN3FbHfbGHVdsLYSz8LoIsgPhz4dWRmLvxWWSMgzZMJW5sZuA==",
      "license": "MIT",
      "dependencies": {
        "component-event": "^0.2.1",
        "domify": "^1.4.1",
        "min-dash": "^4.2.1"
      }
    },
    "node_modules/moddle": {
      "version": "7.2.0",
      "resolved": "https://registry.npmjs.org/moddle/-/moddle-7.2.0.tgz",
      "integrity": "sha512-x1+JREThy7JBOBR3g2hbOnOfrlC/YAWXX9RzrSZS5HhqeuBly9H/PCtOBtcQs+Y2sjRAXF+WTNSgHvn8Uq+6Yw==",
      "license": "MIT",
      "dependencies": {
        "min-dash": "^4.2.1"
      }
    },
    "node_modules/moddle-xml": {
      "version": "11.0.0",
      "resolved": "https://registry.npmjs.org/moddle-xml/-/moddle-xml-11.0.0.tgz",
      "integrity": "sha512-L3Sseepfcq9Uy0iIfqEDTXSoYLva1Y/JGbN/4AMOeQ6cqbu8Ma/SDJIdOFm7smsAa64j2z3SwCGG3FIilQVnUg==",
      "license": "MIT",
      "dependencies": {
        "min-dash": "^4.0.0",
        "saxen": "^10.0.0"
      },
      "engines": {
        "node": ">= 18"
      },
      "peerDependencies": {
        "moddle": ">= 6.2.0"
      }
    },
    "node_modules/object-refs": {
      "version": "0.4.0",
      "resolved": "https://registry.npmjs.org/object-refs/-/object-refs-0.4.0.tgz",
      "integrity": "sha512-6kJqKWryKZmtte6QYvouas0/EIJKPI1/MMIuRsiBlNuhIMfqYTggzX2F1AJ2+cDs288xyi9GL7FyasHINR98BQ==",
      "license": "MIT",
      "engines": {
        "node": "*"
      }
    },
    "node_modules/path-intersection": {
      "version": "3.1.0",
      "resolved": "https://registry.npmjs.org/path-intersection/-/path-intersection-3.1.0.tgz",
      "integrity": "sha512-3xS3lvv/vuwm5aH2BVvNRvnvwR2Drde7jQClKpCXTYXIMMjcw/EnMhzCgeHwqbCpzi760PEfAkU53vSIlrNr9A==",
      "license": "MIT",
      "engines": {
        "node": ">= 14.20"
      }
    },
    "node_modules/preact": {
      "version": "10.27.2",
      "resolved": "https://registry.npmjs.org/preact/-/preact-10.27.2.tgz",
      "integrity": "sha512-5SYSgFKSyhCbk6SrXyMpqjb5+MQBgfvEKE/OC+PujcY34sOpqtr+0AZQtPYx5IA6VxynQ7rUPCtKzyovpj9Bpg==",
      "license": "MIT",
      "funding": {
        "type": "opencollective",
        "url": "https://opencollective.com/preact"
      }
    },
    "node_modules/saxen": {
      "version": "10.0.0",
      "resolved": "https://registry.npmjs.org/saxen/-/saxen-10.0.0.tgz",
      "integrity": "sha512-RXsmWok/SAWqOG/f5ADEz51DN9WtZEzqih3e08ranldcaXekxjx8NBKjGh/y5hlowjo0JH/LekBu6gtPFD1G6g==",
      "license": "MIT",
      "engines": {
        "node": ">= 18"
      }
    },
    "node_modules/tiny-svg": {
      "version": "3.1.3",
      "resolved": "https://registry.npmjs.org/tiny-svg/-/tiny-svg-3.1.3.tgz",
      "integrity": "sha512-9mwnPqXInRsBmH/DO6NMxBE++9LsqpVXQSSTZGc5bomoKKvL5OX/Hlotw7XVXP6XLRcHWIzZpxfovGqWKgCypQ==",
      "license": "MIT"
    }
  }
}
